
Microsoft Visual Studio Solution File, Format Version 12.00
# Visual Studio 14
VisualStudioVersion = 14.0.25420.1
MinimumVisualStudioVersion = 10.0.40219.1
Project("{FAE04EC0-301F-11D3-BF4B-00C04F79EFBC}") = "FileCrawler", "FileCrawler\FileCrawler.csproj", "{C7CF81FF-83DC-4D04-A1FA-888DB6F23ABA}"
EndProject
Project("{FAE04EC0-301F-11D3-BF4B-00C04F79EFBC}") = "FileCrawlerUnitTestProject", "FileCrawlerUnitTestProject\FileCrawlerUnitTestProject.csproj", "{AAB4F153-EE23-4AF9-9641-C15CC4824D20}"
EndProject
Global
	GlobalSection(SolutionConfigurationPlatforms) = preSolution
		Debug|Any CPU = Debug|Any CPU
		Release|Any CPU = Release|Any CPU
	EndGlobalSection
	GlobalSection(ProjectConfigurationPlatforms) = postSolution
		{C7CF81FF-83DC-4D04-A1FA-888DB6F23ABA}.Debug|Any CPU.ActiveCfg = Debug|Any CPU
		{C7CF81FF-83DC-4D04-A1FA-888DB6F23ABA}.Debug|Any CPU.Build.0 = Debug|Any CPU
		{C7CF81FF-83DC-4D04-A1FA-888DB6F23ABA}.Release|Any CPU.ActiveCfg = Release|Any CPU
		{C7CF81FF-83DC-4D04-A1FA-888DB6F23ABA}.Release|Any CPU.Build.0 = Release|Any CPU
		{AAB4F153-EE23-4AF9-9641-C15CC4824D20}.Debug|Any CPU.ActiveCfg = Debug|Any CPU
		{AAB4F153-EE23-4AF9-9641-C15CC4824D20}.Debug|Any CPU.Build.0 = Debug|Any CPU
		{AAB4F153-EE23-4AF9-9641-C15CC4824D20}.Release|Any CPU.ActiveCfg = Release|Any CPU
		{AAB4F153-EE23-4AF9-9641-C15CC4824D20}.Release|Any CPU.Build.0 = Release|Any CPU
	EndGlobalSection
	GlobalSection(SolutionProperties) = preSolution
		HideSolutionNode = FALSE
	EndGlobalSection
EndGlobal
